
Microsoft Visual Studio Solution File, Format Version 12.00
Project("{FAE04EC0-301F-11D3-BF4B-00C04F79EFBC}") = "BrowserJobCalculator", "BrowserJobCalculator\BrowserJobCalculator.csproj", "{3EEBC29E-C59B-4FA7-A3DD-D70D1483FD05}"
EndProject
Project("{FAE04EC0-301F-11D3-BF4B-00C04F79EFBC}") = "BrowserJobCalculatorTests", "BrowserJobCalculatorTests\BrowserJobCalculatorTests.csproj", "{7139F650-E340-471A-B572-AFF25CC11B62}"
EndProject
Global
	GlobalSection(SolutionConfigurationPlatforms) = preSolution
		Debug|Any CPU = Debug|Any CPU
		Release|Any CPU = Release|Any CPU
	EndGlobalSection
	GlobalSection(ProjectConfigurationPlatforms) = postSolution
		{3EEBC29E-C59B-4FA7-A3DD-D70D1483FD05}.Debug|Any CPU.ActiveCfg = Debug|Any CPU
		{3EEBC29E-C59B-4FA7-A3DD-D70D1483FD05}.Debug|Any CPU.Build.0 = Debug|Any CPU
		{3EEBC29E-C59B-4FA7-A3DD-D70D1483FD05}.Release|Any CPU.ActiveCfg = Release|Any CPU
		{3EEBC29E-C59B-4FA7-A3DD-D70D1483FD05}.Release|Any CPU.Build.0 = Release|Any CPU
		{7139F650-E340-471A-B572-AFF25CC11B62}.Debug|Any CPU.ActiveCfg = Debug|Any CPU
		{7139F650-E340-471A-B572-AFF25CC11B62}.Debug|Any CPU.Build.0 = Debug|Any CPU
		{7139F650-E340-471A-B572-AFF25CC11B62}.Release|Any CPU.ActiveCfg = Release|Any CPU
		{7139F650-E340-471A-B572-AFF25CC11B62}.Release|Any CPU.Build.0 = Release|Any CPU
	EndGlobalSection
EndGlobal
